// !$*UTF8*$!
{
	archiveVersion = 1;
	classes = {
	};
	objectVersion = 46;
	objects = {

/* Begin PBXBuildFile section */
		0F9E2E021E1C95A10055481F /* main.m in Sources */ = {isa = PBXBuildFile; fileRef = 0F9E2E011E1C95A10055481F /* main.m */; };
		0F9E2E051E1C95A10055481F /* AppDelegate.m in Sources */ = {isa = PBXBuildFile; fileRef = 0F9E2E041E1C95A10055481F /* AppDelegate.m */; };
		0F9E2E081E1C95A10055481F /* ViewController.m in Sources */ = {isa = PBXBuildFile; fileRef = 0F9E2E071E1C95A10055481F /* ViewController.m */; };
		0F9E2E0B1E1C95A10055481F /* Main.storyboard in Resources */ = {isa = PBXBuildFile; fileRef = 0F9E2E091E1C95A10055481F /* Main.storyboard */; };
		0F9E2E0D1E1C95A10055481F /* Assets.xcassets in Resources */ = {isa = PBXBuildFile; fileRef = 0F9E2E0C1E1C95A10055481F /* Assets.xcassets */; };
		0F9E2E101E1C95A10055481F /* LaunchScreen.storyboard in Resources */ = {isa = PBXBuildFile; fileRef = 0F9E2E0E1E1C95A10055481F /* LaunchScreen.storyboard */; };
/* End PBXBuildFile section */

/* Begin PBXFileReference section */
		0F9E2DFD1E1C95A10055481F /* GesturesLesson.app */ = {isa = PBXFileReference; explicitFileType = wrapper.application; includeInIndex = 0; path = GesturesLesson.app; sourceTree = BUILT_PRODUCTS_DIR; };
		0F9E2E011E1C95A10055481F /* main.m */ = {isa = PBXFileReference; lastKnownFileType = sourcecode.c.objc; path = main.m; sourceTree = "<group>"; };
		0F9E2E031E1C95A10055481F /* AppDelegate.h */ = {isa = PBXFileReference; lastKnownFileType = sourcecode.c.h; path = AppDelegate.h; sourceTree = "<group>"; };
		0F9E2E041E1C95A10055481F /* AppDelegate.m */ = {isa = PBXFileReference; lastKnownFileType = sourcecode.c.objc; path = AppDelegate.m; sourceTree = "<group>"; };
		0F9E2E061E1C95A10055481F /* ViewController.h */ = {isa = PBXFileReference; lastKnownFileType = sourcecode.c.h; path = ViewController.h; sourceTree = "<group>"; };
		0F9E2E071E1C95A10055481F /* ViewController.m */ = {isa = PBXFileReference; lastKnownFileType = sourcecode.c.objc; path = ViewController.m; sourceTree = "<group>"; };
		0F9E2E0A1E1C95A10055481F /* Base */ = {isa = PBXFileReference; lastKnownFileType = file.storyboard; name = Base; path = Base.lproj/Main.storyboard; sourceTree = "<group>"; };
		0F9E2E0C1E1C95A10055481F /* Assets.xcassets */ = {isa = PBXFileReference; lastKnownFileType = folder.assetcatalog; path = Assets.xcassets; sourceTree = "<group>"; };
		0F9E2E0F1E1C95A10055481F /* Base */ = {isa = PBXFileReference; lastKnownFileType = file.storyboard; name = Base; path = Base.lproj/LaunchScreen.storyboard; sourceTree = "<group>"; };
		0F9E2E111E1C95A10055481F /* Info.plist */ = {isa = PBXFileReference; lastKnownFileType = text.plist.xml; path = Info.plist; sourceTree = "<group>"; };
/* End PBXFileReference section */

/* Begin PBXFrameworksBuildPhase section */
		0F9E2DFA1E1C95A10055481F /* Frameworks */ = {
			isa = PBXFrameworksBuildPhase;
			buildActionMask = 2147483647;
			files = (
			);
			runOnlyForDeploymentPostprocessing = 0;
		};
/* End PBXFrameworksBuildPhase section */

/* Begin PBXGroup section */
		0F9E2DF41E1C95A10055481F = {
			isa = PBXGroup;
			children = (
				0F9E2DFF1E1C95A10055481F /* GesturesLesson */,
				0F9E2DFE1E1C95A10055481F /* Products */,
			);
			sourceTree = "<group>";
		};
		0F9E2DFE1E1C95A10055481F /* Products */ = {
			isa = PBXGroup;
			children = (
				0F9E2DFD1E1C95A10055481F /* GesturesLesson.app */,
			);
			name = Products;
			sourceTree = "<group>";
		};
		0F9E2DFF1E1C95A10055481F /* GesturesLesson */ = {
			isa = PBXGroup;
			children = (
				0F9E2E031E1C95A10055481F /* AppDelegate.h */,
				0F9E2E041E1C95A10055481F /* AppDelegate.m */,
				0F9E2E061E1C95A10055481F /* ViewController.h */,
				0F9E2E071E1C95A10055481F /* ViewController.m */,
				0F9E2E091E1C95A10055481F /* Main.storyboard */,
				0F9E2E0C1E1C95A10055481F /* Assets.xcassets */,
				0F9E2E0E1E1C95A10055481F /* LaunchScreen.storyboard */,
				0F9E2E111E1C95A10055481F /* Info.plist */,
				0F9E2E001E1C95A10055481F /* Supporting Files */,
			);
			path = GesturesLesson;
			sourceTree = "<group>";
		};
		0F9E2E001E1C95A10055481F /* Supporting Files */ = {
			isa = PBXGroup;
			children = (
				0F9E2E011E1C95A10055481F /* main.m */,
			);
			name = "Supporting Files";
			sourceTree = "<group>";
		};
/* End PBXGroup section */

/* Begin PBXNativeTarget section */
		0F9E2DFC1E1C95A10055481F /* GesturesLesson */ = {
			isa = PBXNativeTarget;
			buildConfigurationList = 0F9E2E141E1C95A10055481F /* Build configuration list for PBXNativeTarget "GesturesLesson" */;
			buildPhases = (
				0F9E2DF91E1C95A10055481F /* Sources */,
				0F9E2DFA1E1C95A10055481F /* Frameworks */,
				0F9E2DFB1E1C95A10055481F /* Resources */,
			);
			buildRules = (
			);
			dependencies = (
			);
			name = GesturesLesson;
			productName = GesturesLesson;
			productReference = 0F9E2DFD1E1C95A10055481F /* GesturesLesson.app */;
			productType = "com.apple.product-type.application";
		};
/* End PBXNativeTarget section */

/* Begin PBXProject section */
		0F9E2DF51E1C95A10055481F /* Project object */ = {
			isa = PBXProject;
			attributes = {
				LastUpgradeCheck = 0810;
				ORGANIZATIONNAME = "Vladislav Kalaev";
				TargetAttributes = {
					0F9E2DFC1E1C95A10055481F = {
						CreatedOnToolsVersion = 8.1;
						ProvisioningStyle = Automatic;
					};
				};
			};
			buildConfigurationList = 0F9E2DF81E1C95A10055481F /* Build configuration list for PBXProject "GesturesLesson" */;
			compatibilityVersion = "Xcode 3.2";
			developmentRegion = English;
			hasScannedForEncodings = 0;
			knownRegions = (
				en,
				Base,
			);
			mainGroup = 0F9E2DF41E1C95A10055481F;
			productRefGroup = 0F9E2DFE1E1C95A10055481F /* Products */;
			projectDirPath = "";
			projectRoot = "";
			targets = (
				0F9E2DFC1E1C95A10055481F /* GesturesLesson */,
			);
		};
/* End PBXProject section */

/* Begin PBXResourcesBuildPhase section */
		0F9E2DFB1E1C95A10055481F /* Resources */ = {
			isa = PBXResourcesBuildPhase;
			buildActionMask = 2147483647;
			files = (
				0F9E2E101E1C95A10055481F /* LaunchScreen.storyboard in Resources */,
				0F9E2E0D1E1C95A10055481F /* Assets.xcassets in Resources */,
				0F9E2E0B1E1C95A10055481F /* Main.storyboard in Resources */,
			);
			runOnlyForDeploymentPostprocessing = 0;
		};
/* End PBXResourcesBuildPhase section */

/* Begin PBXSourcesBuildPhase section */
		0F9E2DF91E1C95A10055481F /* Sources */ = {
			isa = PBXSourcesBuildPhase;
			buildActionMask = 2147483647;
			files = (
				0F9E2E081E1C95A10055481F /* ViewController.m in Sources */,
				0F9E2E051E1C95A10055481F /* AppDelegate.m in Sources */,
				0F9E2E021E1C95A10055481F /* main.m in Sources */,
			);
			runOnlyForDeploymentPostprocessing = 0;
		};
/* End PBXSourcesBuildPhase section */

/* Begin PBXVariantGroup section */
		0F9E2E091E1C95A10055481F /* Main.storyboard */ = {
			isa = PBXVariantGroup;
			children = (
				0F9E2E0A1E1C95A10055481F /* Base */,
			);
			name = Main.storyboard;
			sourceTree = "<group>";
		};
		0F9E2E0E1E1C95A10055481F /* LaunchScreen.storyboard */ = {
			isa = PBXVariantGroup;
			children = (
				0F9E2E0F1E1C95A10055481F /* Base */,
			);
			name = LaunchScreen.storyboard;
			sourceTree = "<group>";
		};
/* End PBXVariantGroup section */

/* Begin XCBuildConfiguration section */
		0F9E2E121E1C95A10055481F /* Debug */ = {
			isa = XCBuildConfiguration;
			buildSettings = {
				ALWAYS_SEARCH_USER_PATHS = NO;
				CLANG_ANALYZER_NONNULL = YES;
				CLANG_CXX_LANGUAGE_STANDARD = "gnu++0x";
				CLANG_CXX_LIBRARY = "libc++";
				CLANG_ENABLE_MODULES = YES;
				CLANG_ENABLE_OBJC_ARC = YES;
				CLANG_WARN_BOOL_CONVERSION = YES;
				CLANG_WARN_CONSTANT_CONVERSION = YES;
				CLANG_WARN_DIRECT_OBJC_ISA_USAGE = YES_ERROR;
				CLANG_WARN_DOCUMENTATION_COMMENTS = YES;
				CLANG_WARN_EMPTY_BODY = YES;
				CLANG_WARN_ENUM_CONVERSION = YES;
				CLANG_WARN_INFINITE_RECURSION = YES;
				CLANG_WARN_INT_CONVERSION = YES;
				CLANG_WARN_OBJC_ROOT_CLASS = YES_ERROR;
				CLANG_WARN_SUSPICIOUS_MOVES = YES;
				CLANG_WARN_UNREACHABLE_CODE = YES;
				CLANG_WARN__DUPLICATE_METHOD_MATCH = YES;
				"CODE_SIGN_IDENTITY[sdk=iphoneos*]" = "iPhone Developer";
				COPY_PHASE_STRIP = NO;
				DEBUG_INFORMATION_FORMAT = dwarf;
				ENABLE_STRICT_OBJC_MSGSEND = YES;
				ENABLE_TESTABILITY = YES;
				GCC_C_LANGUAGE_STANDARD = gnu99;
				GCC_DYNAMIC_NO_PIC = NO;
				GCC_NO_COMMON_BLOCKS = YES;
				GCC_OPTIMIZATION_LEVEL = 0;
				GCC_PREPROCESSOR_DEFINITIONS = (
					"DEBUG=1",
					"$(inherited)",
				);
				GCC_WARN_64_TO_32_BIT_CONVERSION = YES;
				GCC_WARN_ABOUT_RETURN_TYPE = YES_ERROR;
				GCC_WARN_UNDECLARED_SELECTOR = YES;
				GCC_WARN_UNINITIALIZED_AUTOS = YES_AGGRESSIVE;
				GCC_WARN_UNUSED_FUNCTION = YES;
				GCC_WARN_UNUSED_VARIABLE = YES;
				IPHONEOS_DEPLOYMENT_TARGET = 10.1;
				MTL_ENABLE_DEBUG_INFO = YES;
				ONLY_ACTIVE_ARCH = YES;
				SDKROOT = iphoneos;
				TARGETED_DEVICE_FAMILY = "1,2";
			};
			name = Debug;
		};
		0F9E2E131E1C95A10055481F /* Release */ = {
			isa = XCBuildConfiguration;
			buildSettings = {
				ALWAYS_SEARCH_USER_PATHS = NO;
				CLANG_ANALYZER_NONNULL = YES;
				CLANG_CXX_LANGUAGE_STANDARD = "gnu++0x";
				CLANG_CXX_LIBRARY = "libc++";
				CLANG_ENABLE_MODULES = YES;
				CLANG_ENABLE_OBJC_ARC = YES;
				CLANG_WARN_BOOL_CONVERSION = YES;
				CLANG_WARN_CONSTANT_CONVERSION = YES;
				CLANG_WARN_DIRECT_OBJC_ISA_USAGE = YES_ERROR;
				CLANG_WARN_DOCUMENTATION_COMMENTS = YES;
				CLANG_WARN_EMPTY_BODY = YES;
				CLANG_WARN_ENUM_CONVERSION = YES;
				CLANG_WARN_INFINITE_RECURSION = YES;
				CLANG_WARN_INT_CONVERSION = YES;
				CLANG_WARN_OBJC_ROOT_CLASS = YES_ERROR;
				CLANG_WARN_SUSPICIOUS_MOVES = YES;
				CLANG_WARN_UNREACHABLE_CODE = YES;
				CLANG_WARN__DUPLICATE_METHOD_MATCH = YES;
				"CODE_SIGN_IDENTITY[sdk=iphoneos*]" = "iPhone Developer";
				COPY_PHASE_STRIP = NO;
				DEBUG_INFORMATION_FORMAT = "dwarf-with-dsym";
				ENABLE_NS_ASSERTIONS = NO;
				ENABLE_STRICT_OBJC_MSGSEND = YES;
				GCC_C_LANGUAGE_STANDARD = gnu99;
				GCC_NO_COMMON_BLOCKS = YES;
				GCC_WARN_64_TO_32_BIT_CONVERSION = YES;
				GCC_WARN_ABOUT_RETURN_TYPE = YES_ERROR;
				GCC_WARN_UNDECLARED_SELECTOR = YES;
				GCC_WARN_UNINITIALIZED_AUTOS = YES_AGGRESSIVE;
				GCC_WARN_UNUSED_FUNCTION = YES;
				GCC_WARN_UNUSED_VARIABLE = YES;
				IPHONEOS_DEPLOYMENT_TARGET = 10.1;
				MTL_ENABLE_DEBUG_INFO = NO;
				SDKROOT = iphoneos;
				TARGETED_DEVICE_FAMILY = "1,2";
				VALIDATE_PRODUCT = YES;
			};
			name = Release;
		};
		0F9E2E151E1C95A10055481F /* Debug */ = {
			isa = XCBuildConfiguration;
			buildSettings = {
				ASSETCATALOG_COMPILER_APPICON_NAME = AppIcon;
				INFOPLIST_FILE = GesturesLesson/Info.plist;
				LD_RUNPATH_SEARCH_PATHS = "$(inherited) @executable_path/Frameworks";
				PRODUCT_BUNDLE_IDENTIFIER = rem0t.GesturesLesson;
				PRODUCT_NAME = "$(TARGET_NAME)";
			};
			name = Debug;
		};
		0F9E2E161E1C95A10055481F /* Release */ = {
			isa = XCBuildConfiguration;
			buildSettings = {
				ASSETCATALOG_COMPILER_APPICON_NAME = AppIcon;
				INFOPLIST_FILE = GesturesLesson/Info.plist;
				LD_RUNPATH_SEARCH_PATHS = "$(inherited) @executable_path/Frameworks";
				PRODUCT_BUNDLE_IDENTIFIER = rem0t.GesturesLesson;
				PRODUCT_NAME = "$(TARGET_NAME)";
			};
			name = Release;
		};
/* End XCBuildConfiguration section */

/* Begin XCConfigurationList section */
		0F9E2DF81E1C95A10055481F /* Build configuration list for PBXProject "GesturesLesson" */ = {
			isa = XCConfigurationList;
			buildConfigurations = (
				0F9E2E121E1C95A10055481F /* Debug */,
				0F9E2E131E1C95A10055481F /* Release */,
			);
			defaultConfigurationIsVisible = 0;
			defaultConfigurationName = Release;
		};
		0F9E2E141E1C95A10055481F /* Build configuration list for PBXNativeTarget "GesturesLesson" */ = {
			isa = XCConfigurationList;
			buildConfigurations = (
				0F9E2E151E1C95A10055481F /* Debug */,
				0F9E2E161E1C95A10055481F /* Release */,
			);
			defaultConfigurationIsVisible = 0;
		};
/* End XCConfigurationList section */
	};
	rootObject = 0F9E2DF51E1C95A10055481F /* Project object */;
}
